// !$*UTF8*$!
{
	archiveVersion = 1;
	classes = {
	};
	objectVersion = 46;
	objects = {

/* Begin PBXBuildFile section */
		499EE88B1F4C598D00F7DB04 /* GoogleService-Info.plist in Resources */ = {isa = PBXBuildFile; fileRef = 499EE88A1F4C598D00F7DB04 /* GoogleService-Info.plist */; };
		49BEACE01F4C57CA0041C454 /* AppDelegate.swift in Sources */ = {isa = PBXBuildFile; fileRef = 49BEACDF1F4C57CA0041C454 /* AppDelegate.swift */; };
		49BEACE51F4C57CA0041C454 /* Main.storyboard in Resources */ = {isa = PBXBuildFile; fileRef = 49BEACE31F4C57CA0041C454 /* Main.storyboard */; };
		49BEACE71F4C57CA0041C454 /* Assets.xcassets in Resources */ = {isa = PBXBuildFile; fileRef = 49BEACE61F4C57CA0041C454 /* Assets.xcassets */; };
		49BEACEA1F4C57CA0041C454 /* LaunchScreen.storyboard in Resources */ = {isa = PBXBuildFile; fileRef = 49BEACE81F4C57CA0041C454 /* LaunchScreen.storyboard */; };
		B419CB5E4BB7F77273B92C1F /* Pods_Rose.framework in Frameworks */ = {isa = PBXBuildFile; fileRef = D396F1FEB08C65D5351EB4B8 /* Pods_Rose.framework */; };
/* End PBXBuildFile section */

/* Begin PBXFileReference section */
		499EE88A1F4C598D00F7DB04 /* GoogleService-Info.plist */ = {isa = PBXFileReference; fileEncoding = 4; lastKnownFileType = text.plist.xml; path = "GoogleService-Info.plist"; sourceTree = "<group>"; };
		49BEACDC1F4C57CA0041C454 /* Rose.app */ = {isa = PBXFileReference; explicitFileType = wrapper.application; includeInIndex = 0; path = Rose.app; sourceTree = BUILT_PRODUCTS_DIR; };
		49BEACDF1F4C57CA0041C454 /* AppDelegate.swift */ = {isa = PBXFileReference; lastKnownFileType = sourcecode.swift; path = AppDelegate.swift; sourceTree = "<group>"; };
		49BEACE41F4C57CA0041C454 /* Base */ = {isa = PBXFileReference; lastKnownFileType = file.storyboard; name = Base; path = Base.lproj/Main.storyboard; sourceTree = "<group>"; };
		49BEACE61F4C57CA0041C454 /* Assets.xcassets */ = {isa = PBXFileReference; lastKnownFileType = folder.assetcatalog; path = Assets.xcassets; sourceTree = "<group>"; };
		49BEACE91F4C57CA0041C454 /* Base */ = {isa = PBXFileReference; lastKnownFileType = file.storyboard; name = Base; path = Base.lproj/LaunchScreen.storyboard; sourceTree = "<group>"; };
		49BEACEB1F4C57CA0041C454 /* Info.plist */ = {isa = PBXFileReference; lastKnownFileType = text.plist.xml; path = Info.plist; sourceTree = "<group>"; };
		C6411682DDE2A4E491F41F03 /* Pods-Rose.release.xcconfig */ = {isa = PBXFileReference; includeInIndex = 1; lastKnownFileType = text.xcconfig; name = "Pods-Rose.release.xcconfig"; path = "Pods/Target Support Files/Pods-Rose/Pods-Rose.release.xcconfig"; sourceTree = "<group>"; };
		CAC7DDF122741050983AA151 /* Pods-Rose.debug.xcconfig */ = {isa = PBXFileReference; includeInIndex = 1; lastKnownFileType = text.xcconfig; name = "Pods-Rose.debug.xcconfig"; path = "Pods/Target Support Files/Pods-Rose/Pods-Rose.debug.xcconfig"; sourceTree = "<group>"; };
		D396F1FEB08C65D5351EB4B8 /* Pods_Rose.framework */ = {isa = PBXFileReference; explicitFileType = wrapper.framework; includeInIndex = 0; path = Pods_Rose.framework; sourceTree = BUILT_PRODUCTS_DIR; };
/* End PBXFileReference section */

/* Begin PBXFrameworksBuildPhase section */
		49BEACD91F4C57CA0041C454 /* Frameworks */ = {
			isa = PBXFrameworksBuildPhase;
			buildActionMask = 2147483647;
			files = (
				B419CB5E4BB7F77273B92C1F /* Pods_Rose.framework in Frameworks */,
			);
			runOnlyForDeploymentPostprocessing = 0;
		};
/* End PBXFrameworksBuildPhase section */

/* Begin PBXGroup section */
		499EE8881F4C595E00F7DB04 /* AppDelegate */ = {
			isa = PBXGroup;
			children = (
				49BEACDF1F4C57CA0041C454 /* AppDelegate.swift */,
			);
			name = AppDelegate;
			sourceTree = "<group>";
		};
		499EE8891F4C598500F7DB04 /* Supporting Files */ = {
			isa = PBXGroup;
			children = (
				49BEACEB1F4C57CA0041C454 /* Info.plist */,
				499EE88A1F4C598D00F7DB04 /* GoogleService-Info.plist */,
			);
			name = "Supporting Files";
			sourceTree = "<group>";
		};
		499EE88C1F4C59A800F7DB04 /* ViewControllers */ = {
			isa = PBXGroup;
			children = (
			);
			name = ViewControllers;
			sourceTree = "<group>";
		};
		499EE88D1F4C59AF00F7DB04 /* Storyboards */ = {
			isa = PBXGroup;
			children = (
				49BEACE81F4C57CA0041C454 /* LaunchScreen.storyboard */,
				49BEACE31F4C57CA0041C454 /* Main.storyboard */,
			);
			name = Storyboards;
			sourceTree = "<group>";
		};
		499EE88E1F4C59B800F7DB04 /* Assets */ = {
			isa = PBXGroup;
			children = (
				49BEACE61F4C57CA0041C454 /* Assets.xcassets */,
			);
			name = Assets;
			sourceTree = "<group>";
		};
		49BEACD31F4C57CA0041C454 = {
			isa = PBXGroup;
			children = (
				49BEACDE1F4C57CA0041C454 /* Rose */,
				49BEACDD1F4C57CA0041C454 /* Products */,
				6AB5CD0919B25F15C37F2858 /* Pods */,
				F9420D1060B4FE8D454817EF /* Frameworks */,
			);
			sourceTree = "<group>";
		};
		49BEACDD1F4C57CA0041C454 /* Products */ = {
			isa = PBXGroup;
			children = (
				49BEACDC1F4C57CA0041C454 /* Rose.app */,
			);
			name = Products;
			sourceTree = "<group>";
		};
		49BEACDE1F4C57CA0041C454 /* Rose */ = {
			isa = PBXGroup;
			children = (
				499EE88E1F4C59B800F7DB04 /* Assets */,
				499EE88D1F4C59AF00F7DB04 /* Storyboards */,
				499EE88C1F4C59A800F7DB04 /* ViewControllers */,
				499EE8891F4C598500F7DB04 /* Supporting Files */,
				499EE8881F4C595E00F7DB04 /* AppDelegate */,
			);
			path = Rose;
			sourceTree = "<group>";
		};
		6AB5CD0919B25F15C37F2858 /* Pods */ = {
			isa = PBXGroup;
			children = (
				CAC7DDF122741050983AA151 /* Pods-Rose.debug.xcconfig */,
				C6411682DDE2A4E491F41F03 /* Pods-Rose.release.xcconfig */,
			);
			name = Pods;
			sourceTree = "<group>";
		};
		F9420D1060B4FE8D454817EF /* Frameworks */ = {
			isa = PBXGroup;
			children = (
				D396F1FEB08C65D5351EB4B8 /* Pods_Rose.framework */,
			);
			name = Frameworks;
			sourceTree = "<group>";
		};
/* End PBXGroup section */

/* Begin PBXNativeTarget section */
		49BEACDB1F4C57CA0041C454 /* Rose */ = {
			isa = PBXNativeTarget;
			buildConfigurationList = 49BEACEE1F4C57CA0041C454 /* Build configuration list for PBXNativeTarget "Rose" */;
			buildPhases = (
				FF8B010656C5D726AD4A40D0 /* [CP] Check Pods Manifest.lock */,
				49BEACD81F4C57CA0041C454 /* Sources */,
				49BEACD91F4C57CA0041C454 /* Frameworks */,
				49BEACDA1F4C57CA0041C454 /* Resources */,
				4C42F2252421F138C36096A0 /* [CP] Embed Pods Frameworks */,
				38A248673E70214F32C4E57E /* [CP] Copy Pods Resources */,
			);
			buildRules = (
			);
			dependencies = (
			);
			name = Rose;
			productName = Rose;
			productReference = 49BEACDC1F4C57CA0041C454 /* Rose.app */;
			productType = "com.apple.product-type.application";
		};
/* End PBXNativeTarget section */

/* Begin PBXProject section */
		49BEACD41F4C57CA0041C454 /* Project object */ = {
			isa = PBXProject;
			attributes = {
				LastSwiftUpdateCheck = 0830;
				LastUpgradeCheck = 0830;
				ORGANIZATIONNAME = ILSO;
				TargetAttributes = {
					49BEACDB1F4C57CA0041C454 = {
						CreatedOnToolsVersion = 8.3.3;
						DevelopmentTeam = 23EFP3FERN;
						ProvisioningStyle = Automatic;
					};
				};
			};
			buildConfigurationList = 49BEACD71F4C57CA0041C454 /* Build configuration list for PBXProject "Rose" */;
			compatibilityVersion = "Xcode 3.2";
			developmentRegion = English;
			hasScannedForEncodings = 0;
			knownRegions = (
				en,
				Base,
			);
			mainGroup = 49BEACD31F4C57CA0041C454;
			productRefGroup = 49BEACDD1F4C57CA0041C454 /* Products */;
			projectDirPath = "";
			projectRoot = "";
			targets = (
				49BEACDB1F4C57CA0041C454 /* Rose */,
			);
		};
/* End PBXProject section */

/* Begin PBXResourcesBuildPhase section */
		49BEACDA1F4C57CA0041C454 /* Resources */ = {
			isa = PBXResourcesBuildPhase;
			buildActionMask = 2147483647;
			files = (
				49BEACEA1F4C57CA0041C454 /* LaunchScreen.storyboard in Resources */,
				499EE88B1F4C598D00F7DB04 /* GoogleService-Info.plist in Resources */,
				49BEACE71F4C57CA0041C454 /* Assets.xcassets in Resources */,
				49BEACE51F4C57CA0041C454 /* Main.storyboard in Resources */,
			);
			runOnlyForDeploymentPostprocessing = 0;
		};
/* End PBXResourcesBuildPhase section */

/* Begin PBXShellScriptBuildPhase section */
		38A248673E70214F32C4E57E /* [CP] Copy Pods Resources */ = {
			isa = PBXShellScriptBuildPhase;
			buildActionMask = 2147483647;
			files = (
			);
			inputPaths = (
			);
			name = "[CP] Copy Pods Resources";
			outputPaths = (
			);
			runOnlyForDeploymentPostprocessing = 0;
			shellPath = /bin/sh;
			shellScript = "\"${SRCROOT}/Pods/Target Support Files/Pods-Rose/Pods-Rose-resources.sh\"\n";
			showEnvVarsInLog = 0;
		};
		4C42F2252421F138C36096A0 /* [CP] Embed Pods Frameworks */ = {
			isa = PBXShellScriptBuildPhase;
			buildActionMask = 2147483647;
			files = (
			);
			inputPaths = (
			);
			name = "[CP] Embed Pods Frameworks";
			outputPaths = (
			);
			runOnlyForDeploymentPostprocessing = 0;
			shellPath = /bin/sh;
			shellScript = "\"${SRCROOT}/Pods/Target Support Files/Pods-Rose/Pods-Rose-frameworks.sh\"\n";
			showEnvVarsInLog = 0;
		};
		FF8B010656C5D726AD4A40D0 /* [CP] Check Pods Manifest.lock */ = {
			isa = PBXShellScriptBuildPhase;
			buildActionMask = 2147483647;
			files = (
			);
			inputPaths = (
			);
			name = "[CP] Check Pods Manifest.lock";
			outputPaths = (
			);
			runOnlyForDeploymentPostprocessing = 0;
			shellPath = /bin/sh;
			shellScript = "diff \"${PODS_ROOT}/../Podfile.lock\" \"${PODS_ROOT}/Manifest.lock\" > /dev/null\nif [ $? != 0 ] ; then\n    # print error to STDERR\n    echo \"error: The sandbox is not in sync with the Podfile.lock. Run 'pod install' or update your CocoaPods installation.\" >&2\n    exit 1\nfi\n";
			showEnvVarsInLog = 0;
		};
/* End PBXShellScriptBuildPhase section */

/* Begin PBXSourcesBuildPhase section */
		49BEACD81F4C57CA0041C454 /* Sources */ = {
			isa = PBXSourcesBuildPhase;
			buildActionMask = 2147483647;
			files = (
				49BEACE01F4C57CA0041C454 /* AppDelegate.swift in Sources */,
			);
			runOnlyForDeploymentPostprocessing = 0;
		};
/* End PBXSourcesBuildPhase section */

/* Begin PBXVariantGroup section */
		49BEACE31F4C57CA0041C454 /* Main.storyboard */ = {
			isa = PBXVariantGroup;
			children = (
				49BEACE41F4C57CA0041C454 /* Base */,
			);
			name = Main.storyboard;
			sourceTree = "<group>";
		};
		49BEACE81F4C57CA0041C454 /* LaunchScreen.storyboard */ = {
			isa = PBXVariantGroup;
			children = (
				49BEACE91F4C57CA0041C454 /* Base */,
			);
			name = LaunchScreen.storyboard;
			sourceTree = "<group>";
		};
/* End PBXVariantGroup section */

/* Begin XCBuildConfiguration section */
		49BEACEC1F4C57CA0041C454 /* Debug */ = {
			isa = XCBuildConfiguration;
			buildSettings = {
				ALWAYS_SEARCH_USER_PATHS = NO;
				CLANG_ANALYZER_NONNULL = YES;
				CLANG_ANALYZER_NUMBER_OBJECT_CONVERSION = YES_AGGRESSIVE;
				CLANG_CXX_LANGUAGE_STANDARD = "gnu++0x";
				CLANG_CXX_LIBRARY = "libc++";
				CLANG_ENABLE_MODULES = YES;
				CLANG_ENABLE_OBJC_ARC = YES;
				CLANG_WARN_BOOL_CONVERSION = YES;
				CLANG_WARN_CONSTANT_CONVERSION = YES;
				CLANG_WARN_DIRECT_OBJC_ISA_USAGE = YES_ERROR;
				CLANG_WARN_DOCUMENTATION_COMMENTS = YES;
				CLANG_WARN_EMPTY_BODY = YES;
				CLANG_WARN_ENUM_CONVERSION = YES;
				CLANG_WARN_INFINITE_RECURSION = YES;
				CLANG_WARN_INT_CONVERSION = YES;
				CLANG_WARN_OBJC_ROOT_CLASS = YES_ERROR;
				CLANG_WARN_SUSPICIOUS_MOVE = YES;
				CLANG_WARN_UNREACHABLE_CODE = YES;
				CLANG_WARN__DUPLICATE_METHOD_MATCH = YES;
				"CODE_SIGN_IDENTITY[sdk=iphoneos*]" = "iPhone Developer";
				COPY_PHASE_STRIP = NO;
				DEBUG_INFORMATION_FORMAT = dwarf;
				ENABLE_STRICT_OBJC_MSGSEND = YES;
				ENABLE_TESTABILITY = YES;
				GCC_C_LANGUAGE_STANDARD = gnu99;
				GCC_DYNAMIC_NO_PIC = NO;
				GCC_NO_COMMON_BLOCKS = YES;
				GCC_OPTIMIZATION_LEVEL = 0;
				GCC_PREPROCESSOR_DEFINITIONS = (
					"DEBUG=1",
					"$(inherited)",
				);
				GCC_WARN_64_TO_32_BIT_CONVERSION = YES;
				GCC_WARN_ABOUT_RETURN_TYPE = YES_ERROR;
				GCC_WARN_UNDECLARED_SELECTOR = YES;
				GCC_WARN_UNINITIALIZED_AUTOS = YES_AGGRESSIVE;
				GCC_WARN_UNUSED_FUNCTION = YES;
				GCC_WARN_UNUSED_VARIABLE = YES;
				IPHONEOS_DEPLOYMENT_TARGET = 10.3;
				MTL_ENABLE_DEBUG_INFO = YES;
				ONLY_ACTIVE_ARCH = YES;
				SDKROOT = iphoneos;
				SWIFT_ACTIVE_COMPILATION_CONDITIONS = DEBUG;
				SWIFT_OPTIMIZATION_LEVEL = "-Onone";
			};
			name = Debug;
		};
		49BEACED1F4C57CA0041C454 /* Release */ = {
			isa = XCBuildConfiguration;
			buildSettings = {
				ALWAYS_SEARCH_USER_PATHS = NO;
				CLANG_ANALYZER_NONNULL = YES;
				CLANG_ANALYZER_NUMBER_OBJECT_CONVERSION = YES_AGGRESSIVE;
				CLANG_CXX_LANGUAGE_STANDARD = "gnu++0x";
				CLANG_CXX_LIBRARY = "libc++";
				CLANG_ENABLE_MODULES = YES;
				CLANG_ENABLE_OBJC_ARC = YES;
				CLANG_WARN_BOOL_CONVERSION = YES;
				CLANG_WARN_CONSTANT_CONVERSION = YES;
				CLANG_WARN_DIRECT_OBJC_ISA_USAGE = YES_ERROR;
				CLANG_WARN_DOCUMENTATION_COMMENTS = YES;
				CLANG_WARN_EMPTY_BODY = YES;
				CLANG_WARN_ENUM_CONVERSION = YES;
				CLANG_WARN_INFINITE_RECURSION = YES;
				CLANG_WARN_INT_CONVERSION = YES;
				CLANG_WARN_OBJC_ROOT_CLASS = YES_ERROR;
				CLANG_WARN_SUSPICIOUS_MOVE = YES;
				CLANG_WARN_UNREACHABLE_CODE = YES;
				CLANG_WARN__DUPLICATE_METHOD_MATCH = YES;
				"CODE_SIGN_IDENTITY[sdk=iphoneos*]" = "iPhone Developer";
				COPY_PHASE_STRIP = NO;
				DEBUG_INFORMATION_FORMAT = "dwarf-with-dsym";
				ENABLE_NS_ASSERTIONS = NO;
				ENABLE_STRICT_OBJC_MSGSEND = YES;
				GCC_C_LANGUAGE_STANDARD = gnu99;
				GCC_NO_COMMON_BLOCKS = YES;
				GCC_WARN_64_TO_32_BIT_CONVERSION = YES;
				GCC_WARN_ABOUT_RETURN_TYPE = YES_ERROR;
				GCC_WARN_UNDECLARED_SELECTOR = YES;
				GCC_WARN_UNINITIALIZED_AUTOS = YES_AGGRESSIVE;
				GCC_WARN_UNUSED_FUNCTION = YES;
				GCC_WARN_UNUSED_VARIABLE = YES;
				IPHONEOS_DEPLOYMENT_TARGET = 10.3;
				MTL_ENABLE_DEBUG_INFO = NO;
				SDKROOT = iphoneos;
				SWIFT_OPTIMIZATION_LEVEL = "-Owholemodule";
				VALIDATE_PRODUCT = YES;
			};
			name = Release;
		};
		49BEACEF1F4C57CA0041C454 /* Debug */ = {
			isa = XCBuildConfiguration;
			baseConfigurationReference = CAC7DDF122741050983AA151 /* Pods-Rose.debug.xcconfig */;
			buildSettings = {
				ASSETCATALOG_COMPILER_APPICON_NAME = AppIcon;
				DEVELOPMENT_TEAM = 23EFP3FERN;
				INFOPLIST_FILE = Rose/Info.plist;
				LD_RUNPATH_SEARCH_PATHS = "$(inherited) @executable_path/Frameworks";
				PRODUCT_BUNDLE_IDENTIFIER = com.ILSO.Rose;
				PRODUCT_NAME = "$(TARGET_NAME)";
				SWIFT_VERSION = 3.0;
			};
			name = Debug;
		};
		49BEACF01F4C57CA0041C454 /* Release */ = {
			isa = XCBuildConfiguration;
			baseConfigurationReference = C6411682DDE2A4E491F41F03 /* Pods-Rose.release.xcconfig */;
			buildSettings = {
				ASSETCATALOG_COMPILER_APPICON_NAME = AppIcon;
				DEVELOPMENT_TEAM = 23EFP3FERN;
				INFOPLIST_FILE = Rose/Info.plist;
				LD_RUNPATH_SEARCH_PATHS = "$(inherited) @executable_path/Frameworks";
				PRODUCT_BUNDLE_IDENTIFIER = com.ILSO.Rose;
				PRODUCT_NAME = "$(TARGET_NAME)";
				SWIFT_VERSION = 3.0;
			};
			name = Release;
		};
/* End XCBuildConfiguration section */

/* Begin XCConfigurationList section */
		49BEACD71F4C57CA0041C454 /* Build configuration list for PBXProject "Rose" */ = {
			isa = XCConfigurationList;
			buildConfigurations = (
				49BEACEC1F4C57CA0041C454 /* Debug */,
				49BEACED1F4C57CA0041C454 /* Release */,
			);
			defaultConfigurationIsVisible = 0;
			defaultConfigurationName = Release;
		};
		49BEACEE1F4C57CA0041C454 /* Build configuration list for PBXNativeTarget "Rose" */ = {
			isa = XCConfigurationList;
			buildConfigurations = (
				49BEACEF1F4C57CA0041C454 /* Debug */,
				49BEACF01F4C57CA0041C454 /* Release */,
			);
			defaultConfigurationIsVisible = 0;
			defaultConfigurationName = Release;
		};
/* End XCConfigurationList section */
	};
	rootObject = 49BEACD41F4C57CA0041C454 /* Project object */;
}
